dependencies:
- name: kubefed
  repository: https://mesosphere.github.io/charts/staging
  version: 0.0.2
- name: kubeaddons-catalog
  repository: https://mesosphere.github.io/charts/staging
  version: 0.1.4
- name: kommander-cluster-lifecycle
  repository: https://mesosphere.github.io/kommander-cluster-lifecycle/charts
  version: 0.3.2
- name: kommander-ui
  repository: https://mesosphere.github.io/kommander/charts
  version: 1.176.3
- name: kommander-thanos
  repository: https://mesosphere.github.io/charts/stable
  version: 0.1.6
- name: kommander-karma
  repository: https://mesosphere.github.io/charts/stable
  version: 0.3.0
- name: grafana
  repository: https://kubernetes-charts.storage.googleapis.com
  version: 3.8.19
digest: sha256:c1ee54ce4ae192c07ded0a618046dae9e863346e78f423d6f0b30cd297ad0c20
generated: "2020-01-08T17:46:25.141228+01:00"
